summary: flock(1) locks files
webpage: https://github.com/discoteq/flock
version: 0.4.0 
bin-url: https://github.com/leleliu008/uppm-package-repository-openbsd-7.6-amd64/releases/download/2025.07.24/flock-0.4.0-openbsd-7.6-amd64.release.tar.xz 
bin-sha: 3dbdd7014ede78ba0316725bb6f083eeed0236bf5e7314ef0e8cf7ddf465076e
